
Microsoft Visual Studio Solution File, Format Version 12.00
# Visual Studio Version 17
VisualStudioVersion = 17.7.34024.191
MinimumVisualStudioVersion = 10.0.40219.1
Project("{FAE04EC0-301F-11D3-BF4B-00C04F79EFBC}") = "Generador", "Generador\Generador.csproj", "{AAD92C69-62C9-4269-B6F6-E86C734DC2FC}"
EndProject
Global
	GlobalSection(SolutionConfigurationPlatforms) = preSolution
		Debug|Any CPU = Debug|Any CPU
		Release|Any CPU = Release|Any CPU
	EndGlobalSection
	GlobalSection(ProjectConfigurationPlatforms) = postSolution
		{AAD92C69-62C9-4269-B6F6-E86C734DC2FC}.Debug|Any CPU.ActiveCfg = Debug|Any CPU
		{AAD92C69-62C9-4269-B6F6-E86C734DC2FC}.Debug|Any CPU.Build.0 = Debug|Any CPU
		{AAD92C69-62C9-4269-B6F6-E86C734DC2FC}.Release|Any CPU.ActiveCfg = Release|Any CPU
		{AAD92C69-62C9-4269-B6F6-E86C734DC2FC}.Release|Any CPU.Build.0 = Release|Any CPU
	EndGlobalSection
	GlobalSection(SolutionProperties) = preSolution
		HideSolutionNode = FALSE
	EndGlobalSection
	GlobalSection(ExtensibilityGlobals) = postSolution
		SolutionGuid = {8D33AF53-088F-4BDA-86A5-3C70435776F0}
	EndGlobalSection
EndGlobal
